
Microsoft Visual Studio Solution File, Format Version 12.00
# Visual Studio 15
VisualStudioVersion = 15.0.27703.2042
MinimumVisualStudioVersion = 10.0.40219.1
Project("{FAE04EC0-301F-11D3-BF4B-00C04F79EFBC}") = "MiCalculadora", "MiCalculadora\MiCalculadora.csproj", "{52CD389F-174B-443E-B840-6E2480B6FB81}"
EndProject
Project("{FAE04EC0-301F-11D3-BF4B-00C04F79EFBC}") = "Entidades", "Entidades\Entidades.csproj", "{44C79E6E-FAC0-4171-A4C6-3FFFC235AE34}"
EndProject
Global
	GlobalSection(SolutionConfigurationPlatforms) = preSolution
		Debug|Any CPU = Debug|Any CPU
		Release|Any CPU = Release|Any CPU
	EndGlobalSection
	GlobalSection(ProjectConfigurationPlatforms) = postSolution
		{52CD389F-174B-443E-B840-6E2480B6FB81}.Debug|Any CPU.ActiveCfg = Debug|Any CPU
		{52CD389F-174B-443E-B840-6E2480B6FB81}.Debug|Any CPU.Build.0 = Debug|Any CPU
		{52CD389F-174B-443E-B840-6E2480B6FB81}.Release|Any CPU.ActiveCfg = Release|Any CPU
		{52CD389F-174B-443E-B840-6E2480B6FB81}.Release|Any CPU.Build.0 = Release|Any CPU
		{44C79E6E-FAC0-4171-A4C6-3FFFC235AE34}.Debug|Any CPU.ActiveCfg = Debug|Any CPU
		{44C79E6E-FAC0-4171-A4C6-3FFFC235AE34}.Debug|Any CPU.Build.0 = Debug|Any CPU
		{44C79E6E-FAC0-4171-A4C6-3FFFC235AE34}.Release|Any CPU.ActiveCfg = Release|Any CPU
		{44C79E6E-FAC0-4171-A4C6-3FFFC235AE34}.Release|Any CPU.Build.0 = Release|Any CPU
	EndGlobalSection
	GlobalSection(SolutionProperties) = preSolution
		HideSolutionNode = FALSE
	EndGlobalSection
	GlobalSection(ExtensibilityGlobals) = postSolution
		SolutionGuid = {F1DFA59D-E981-4F48-B90A-79C229A2F782}
	EndGlobalSection
EndGlobal
